
Microsoft Visual Studio Solution File, Format Version 12.00
# Visual Studio Version 17
VisualStudioVersion = 17.14.36804.6
MinimumVisualStudioVersion = 10.0.40219.1
Project("{FAE04EC0-301F-11D3-BF4B-00C04F79EFBC}") = "z1", "z1\z1.csproj", "{316C8E7F-B7B3-478F-AE6A-7ED1F7FB8B7D}"
EndProject
Project("{FAE04EC0-301F-11D3-BF4B-00C04F79EFBC}") = "z2", "z2\z2.csproj", "{74BB8BAE-777B-4FA7-9FCB-29504B25EBF6}"
EndProject
Project("{FAE04EC0-301F-11D3-BF4B-00C04F79EFBC}") = "z3", "z3\z3.csproj", "{4DEEE1CD-9BD9-4355-AD51-95714400D9E0}"
EndProject
Project("{FAE04EC0-301F-11D3-BF4B-00C04F79EFBC}") = "z4", "z4\z4.csproj", "{A8BBE9D9-C8C6-47C5-AFD7-B4838ED25031}"
EndProject
Global
	GlobalSection(SolutionConfigurationPlatforms) = preSolution
		Debug|Any CPU = Debug|Any CPU
		Release|Any CPU = Release|Any CPU
	EndGlobalSection
	GlobalSection(ProjectConfigurationPlatforms) = postSolution
		{316C8E7F-B7B3-478F-AE6A-7ED1F7FB8B7D}.Debug|Any CPU.ActiveCfg = Debug|Any CPU
		{316C8E7F-B7B3-478F-AE6A-7ED1F7FB8B7D}.Debug|Any CPU.Build.0 = Debug|Any CPU
		{316C8E7F-B7B3-478F-AE6A-7ED1F7FB8B7D}.Release|Any CPU.ActiveCfg = Release|Any CPU
		{316C8E7F-B7B3-478F-AE6A-7ED1F7FB8B7D}.Release|Any CPU.Build.0 = Release|Any CPU
		{74BB8BAE-777B-4FA7-9FCB-29504B25EBF6}.Debug|Any CPU.ActiveCfg = Debug|Any CPU
		{74BB8BAE-777B-4FA7-9FCB-29504B25EBF6}.Debug|Any CPU.Build.0 = Debug|Any CPU
		{74BB8BAE-777B-4FA7-9FCB-29504B25EBF6}.Release|Any CPU.ActiveCfg = Release|Any CPU
		{74BB8BAE-777B-4FA7-9FCB-29504B25EBF6}.Release|Any CPU.Build.0 = Release|Any CPU
		{4DEEE1CD-9BD9-4355-AD51-95714400D9E0}.Debug|Any CPU.ActiveCfg = Debug|Any CPU
		{4DEEE1CD-9BD9-4355-AD51-95714400D9E0}.Debug|Any CPU.Build.0 = Debug|Any CPU
		{4DEEE1CD-9BD9-4355-AD51-95714400D9E0}.Release|Any CPU.ActiveCfg = Release|Any CPU
		{4DEEE1CD-9BD9-4355-AD51-95714400D9E0}.Release|Any CPU.Build.0 = Release|Any CPU
		{A8BBE9D9-C8C6-47C5-AFD7-B4838ED25031}.Debug|Any CPU.ActiveCfg = Debug|Any CPU
		{A8BBE9D9-C8C6-47C5-AFD7-B4838ED25031}.Debug|Any CPU.Build.0 = Debug|Any CPU
		{A8BBE9D9-C8C6-47C5-AFD7-B4838ED25031}.Release|Any CPU.ActiveCfg = Release|Any CPU
		{A8BBE9D9-C8C6-47C5-AFD7-B4838ED25031}.Release|Any CPU.Build.0 = Release|Any CPU
	EndGlobalSection
	GlobalSection(SolutionProperties) = preSolution
		HideSolutionNode = FALSE
	EndGlobalSection
	GlobalSection(ExtensibilityGlobals) = postSolution
		SolutionGuid = {04CF2885-749B-4279-B7DB-E460EA6C16E2}
	EndGlobalSection
EndGlobal
