
Microsoft Visual Studio Solution File, Format Version 12.00
# Visual Studio Version 17
VisualStudioVersion = 17.14.36804.6 d17.14
MinimumVisualStudioVersion = 10.0.40219.1
Project("{FAE04EC0-301F-11D3-BF4B-00C04F79EFBC}") = "z1", "z1\z1.csproj", "{3A5588A8-E655-4680-A82D-CC03ECD7D519}"
EndProject
Project("{FAE04EC0-301F-11D3-BF4B-00C04F79EFBC}") = "z2", "z2\z2.csproj", "{665454E9-DDD2-4540-B5C4-96F6018C3484}"
EndProject
Project("{FAE04EC0-301F-11D3-BF4B-00C04F79EFBC}") = "z3", "z3\z3.csproj", "{914FAD2A-4B63-47BB-B307-CE325D70664F}"
EndProject
Global
	GlobalSection(SolutionConfigurationPlatforms) = preSolution
		Debug|Any CPU = Debug|Any CPU
		Release|Any CPU = Release|Any CPU
	EndGlobalSection
	GlobalSection(ProjectConfigurationPlatforms) = postSolution
		{3A5588A8-E655-4680-A82D-CC03ECD7D519}.Debug|Any CPU.ActiveCfg = Debug|Any CPU
		{3A5588A8-E655-4680-A82D-CC03ECD7D519}.Debug|Any CPU.Build.0 = Debug|Any CPU
		{3A5588A8-E655-4680-A82D-CC03ECD7D519}.Release|Any CPU.ActiveCfg = Release|Any CPU
		{3A5588A8-E655-4680-A82D-CC03ECD7D519}.Release|Any CPU.Build.0 = Release|Any CPU
		{665454E9-DDD2-4540-B5C4-96F6018C3484}.Debug|Any CPU.ActiveCfg = Debug|Any CPU
		{665454E9-DDD2-4540-B5C4-96F6018C3484}.Debug|Any CPU.Build.0 = Debug|Any CPU
		{665454E9-DDD2-4540-B5C4-96F6018C3484}.Release|Any CPU.ActiveCfg = Release|Any CPU
		{665454E9-DDD2-4540-B5C4-96F6018C3484}.Release|Any CPU.Build.0 = Release|Any CPU
		{914FAD2A-4B63-47BB-B307-CE325D70664F}.Debug|Any CPU.ActiveCfg = Debug|Any CPU
		{914FAD2A-4B63-47BB-B307-CE325D70664F}.Debug|Any CPU.Build.0 = Debug|Any CPU
		{914FAD2A-4B63-47BB-B307-CE325D70664F}.Release|Any CPU.ActiveCfg = Release|Any CPU
		{914FAD2A-4B63-47BB-B307-CE325D70664F}.Release|Any CPU.Build.0 = Release|Any CPU
	EndGlobalSection
	GlobalSection(SolutionProperties) = preSolution
		HideSolutionNode = FALSE
	EndGlobalSection
	GlobalSection(ExtensibilityGlobals) = postSolution
		SolutionGuid = {680C6582-98CA-4A08-9388-DF49E3426D4A}
	EndGlobalSection
EndGlobal
